
Microsoft Visual Studio Solution File, Format Version 12.00
Project("{FAE04EC0-301F-11D3-BF4B-00C04F79EFBC}") = "Engine", "src\Engine\Engine.csproj", "{3C886F05-6DF1-45A0-83C4-0C4311E3C30B}"
EndProject
Project("{FAE04EC0-301F-11D3-BF4B-00C04F79EFBC}") = "Engine.Tests", "src\Engine.Tests\Engine.Tests.csproj", "{3B982768-0B88-454C-B12D-C805E751A1E4}"
EndProject
Project("{FAE04EC0-301F-11D3-BF4B-00C04F79EFBC}") = "Emulator", "src\Emulator\Emulator.csproj", "{278822E3-21AB-4409-A24F-026B1FB5AF1C}"
EndProject
Project("{FAE04EC0-301F-11D3-BF4B-00C04F79EFBC}") = "BotController", "src\BotController\BotController.csproj", "{2D6AA44D-CBE5-4708-B4C7-10242B1833D5}"
EndProject
Global
	GlobalSection(SolutionConfigurationPlatforms) = preSolution
		Debug|Any CPU = Debug|Any CPU
		Release|Any CPU = Release|Any CPU
	EndGlobalSection
	GlobalSection(ProjectConfigurationPlatforms) = postSolution
		{3C886F05-6DF1-45A0-83C4-0C4311E3C30B}.Debug|Any CPU.ActiveCfg = Debug|Any CPU
		{3C886F05-6DF1-45A0-83C4-0C4311E3C30B}.Debug|Any CPU.Build.0 = Debug|Any CPU
		{3C886F05-6DF1-45A0-83C4-0C4311E3C30B}.Release|Any CPU.ActiveCfg = Release|Any CPU
		{3C886F05-6DF1-45A0-83C4-0C4311E3C30B}.Release|Any CPU.Build.0 = Release|Any CPU
		{3B982768-0B88-454C-B12D-C805E751A1E4}.Debug|Any CPU.ActiveCfg = Debug|Any CPU
		{3B982768-0B88-454C-B12D-C805E751A1E4}.Debug|Any CPU.Build.0 = Debug|Any CPU
		{3B982768-0B88-454C-B12D-C805E751A1E4}.Release|Any CPU.ActiveCfg = Release|Any CPU
		{3B982768-0B88-454C-B12D-C805E751A1E4}.Release|Any CPU.Build.0 = Release|Any CPU
		{278822E3-21AB-4409-A24F-026B1FB5AF1C}.Debug|Any CPU.ActiveCfg = Debug|Any CPU
		{278822E3-21AB-4409-A24F-026B1FB5AF1C}.Debug|Any CPU.Build.0 = Debug|Any CPU
		{278822E3-21AB-4409-A24F-026B1FB5AF1C}.Release|Any CPU.ActiveCfg = Release|Any CPU
		{278822E3-21AB-4409-A24F-026B1FB5AF1C}.Release|Any CPU.Build.0 = Release|Any CPU
		{2D6AA44D-CBE5-4708-B4C7-10242B1833D5}.Debug|Any CPU.ActiveCfg = Debug|Any CPU
		{2D6AA44D-CBE5-4708-B4C7-10242B1833D5}.Debug|Any CPU.Build.0 = Debug|Any CPU
		{2D6AA44D-CBE5-4708-B4C7-10242B1833D5}.Release|Any CPU.ActiveCfg = Release|Any CPU
		{2D6AA44D-CBE5-4708-B4C7-10242B1833D5}.Release|Any CPU.Build.0 = Release|Any CPU
	EndGlobalSection
EndGlobal
